Microsoft Visual Studio Solution File, Format Version 12.00
# Visual Studio 14
VisualStudioVersion = 14.0.25123.0
MinimumVisualStudioVersion = 10.0.40219.1
Project("{FAE04EC0-301F-11D3-BF4B-00C04F79EFBC}") = "mySite.Web", "mySite.Web\mySite.Web.csproj", "{D8D2DA56-2CCB-4078-923D-9EDDC2B63D6C}"
EndProject
Project("{FAE04EC0-301F-11D3-BF4B-00C04F79EFBC}") = "mySite.DataAccess", "mySite.DataAccess\mySite.DataAccess.csproj", "{DEB5C4DC-72F8-4F95-8819-2E0A16FECA2F}"
EndProject
Project("{FAE04EC0-301F-11D3-BF4B-00C04F79EFBC}") = "mySite.DomainModel", "mySite.DomainModel\mySite.DomainModel.csproj", "{5C009CF2-F9BC-4515-90E4-119F60F9D0E2}"
EndProject
Project("{FAE04EC0-301F-11D3-BF4B-00C04F79EFBC}") = "mySite.Infrastructure", "mySite.Infrastucture\mySite.Infrastructure.csproj", "{EEF1121F-5A4A-40CB-8C20-01BD17BF4A1D}"
EndProject
Global
	GlobalSection(SolutionConfigurationPlatforms) = preSolution
		Debug|Any CPU = Debug|Any CPU
		Release|Any CPU = Release|Any CPU
	EndGlobalSection
	GlobalSection(ProjectConfigurationPlatforms) = postSolution
		{D8D2DA56-2CCB-4078-923D-9EDDC2B63D6C}.Debug|Any CPU.ActiveCfg = Debug|Any CPU
		{D8D2DA56-2CCB-4078-923D-9EDDC2B63D6C}.Debug|Any CPU.Build.0 = Debug|Any CPU
		{D8D2DA56-2CCB-4078-923D-9EDDC2B63D6C}.Release|Any CPU.ActiveCfg = Release|Any CPU
		{D8D2DA56-2CCB-4078-923D-9EDDC2B63D6C}.Release|Any CPU.Build.0 = Release|Any CPU
		{DEB5C4DC-72F8-4F95-8819-2E0A16FECA2F}.Debug|Any CPU.ActiveCfg = Debug|Any CPU
		{DEB5C4DC-72F8-4F95-8819-2E0A16FECA2F}.Debug|Any CPU.Build.0 = Debug|Any CPU
		{DEB5C4DC-72F8-4F95-8819-2E0A16FECA2F}.Release|Any CPU.ActiveCfg = Release|Any CPU
		{DEB5C4DC-72F8-4F95-8819-2E0A16FECA2F}.Release|Any CPU.Build.0 = Release|Any CPU
		{5C009CF2-F9BC-4515-90E4-119F60F9D0E2}.Debug|Any CPU.ActiveCfg = Debug|Any CPU
		{5C009CF2-F9BC-4515-90E4-119F60F9D0E2}.Debug|Any CPU.Build.0 = Debug|Any CPU
		{5C009CF2-F9BC-4515-90E4-119F60F9D0E2}.Release|Any CPU.ActiveCfg = Release|Any CPU
		{5C009CF2-F9BC-4515-90E4-119F60F9D0E2}.Release|Any CPU.Build.0 = Release|Any CPU
		{EEF1121F-5A4A-40CB-8C20-01BD17BF4A1D}.Debug|Any CPU.ActiveCfg = Debug|Any CPU
		{EEF1121F-5A4A-40CB-8C20-01BD17BF4A1D}.Debug|Any CPU.Build.0 = Debug|Any CPU
		{EEF1121F-5A4A-40CB-8C20-01BD17BF4A1D}.Release|Any CPU.ActiveCfg = Release|Any CPU
		{EEF1121F-5A4A-40CB-8C20-01BD17BF4A1D}.Release|Any CPU.Build.0 = Release|Any CPU
	EndGlobalSection
	GlobalSection(SolutionProperties) = preSolution
		HideSolutionNode = FALSE
	EndGlobalSection
EndGlobal
